// !$*UTF8*$!
{
	archiveVersion = 1;
	classes = {
	};
	objectVersion = 70;
	objects = {

/* Begin PBXBuildFile section */
		391165FA2CB53542004B8695 /* PreviewRouteView.swift in Sources */ = {isa = PBXBuildFile; fileRef = 391165F92CB53542004B8695 /* PreviewRouteView.swift */; };
		48974B842C9A438B0057B073 /* Activity.swift in Sources */ = {isa = PBXBuildFile; fileRef = 48974B832C9A43880057B073 /* Activity.swift */; };
		48974B862C9A44A30057B073 /* Hotel.swift in Sources */ = {isa = PBXBuildFile; fileRef = 48974B852C9A449F0057B073 /* Hotel.swift */; };
		48974B8B2C9F72700057B073 /* TripView.swift in Sources */ = {isa = PBXBuildFile; fileRef = 48974B8A2C9F72700057B073 /* TripView.swift */; };
		48974B8D2CA0A3CB0057B073 /* FindStopView.swift in Sources */ = {isa = PBXBuildFile; fileRef = 48974B8C2CA0A3CB0057B073 /* FindStopView.swift */; };
		48974B8F2CA0A6130057B073 /* GeneralLocation.swift in Sources */ = {isa = PBXBuildFile; fileRef = 48974B8E2CA0A6130057B073 /* GeneralLocation.swift */; };
		48974BA12CB04B420057B073 /* RoutePreviewView.swift in Sources */ = {isa = PBXBuildFile; fileRef = 48974BA02CB04B420057B073 /* RoutePreviewView.swift */; };
		48974BAF2CB30AAF0057B073 /* EnhancedRoutePlanListView.swift in Sources */ = {isa = PBXBuildFile; fileRef = 48974BAE2CB30AAF0057B073 /* EnhancedRoutePlanListView.swift */; };
		48BBC2D22C9CE5070093D9D0 /* DetailRecapView.swift in Sources */ = {isa = PBXBuildFile; fileRef = 48BBC2D12C9CE5070093D9D0 /* DetailRecapView.swift */; };
		599F66172C9CE4F90025A8F8 /* Motion.swift in Sources */ = {isa = PBXBuildFile; fileRef = 599F66162C9CE4F90025A8F8 /* Motion.swift */; };
		66443CD72CADDB77000D3F12 /* RoutePlanListView.swift in Sources */ = {isa = PBXBuildFile; fileRef = 66443CD62CADDB77000D3F12 /* RoutePlanListView.swift */; };
		6646001C2CC815A10033541C /* Shopping.swift in Sources */ = {isa = PBXBuildFile; fileRef = 6646001B2CC815A10033541C /* Shopping.swift */; };
		6B3E9F682CAF60A100C24BDB /* ExploreTripsView.swift in Sources */ = {isa = PBXBuildFile; fileRef = 6B3E9F672CAF60A100C24BDB /* ExploreTripsView.swift */; };
		8419ED6C2C99536E003AD5C2 /* FirebaseAnalytics in Frameworks */ = {isa = PBXBuildFile; productRef = 8419ED6B2C99536E003AD5C2 /* FirebaseAnalytics */; };
		8419ED6E2C99536E003AD5C2 /* FirebaseAnalyticsOnDeviceConversion in Frameworks */ = {isa = PBXBuildFile; productRef = 8419ED6D2C99536E003AD5C2 /* FirebaseAnalyticsOnDeviceConversion */; };
		8419ED702C99536E003AD5C2 /* FirebaseAnalyticsWithoutAdIdSupport in Frameworks */ = {isa = PBXBuildFile; productRef = 8419ED6F2C99536E003AD5C2 /* FirebaseAnalyticsWithoutAdIdSupport */; };
		8419ED722C99536E003AD5C2 /* FirebaseAppCheck in Frameworks */ = {isa = PBXBuildFile; productRef = 8419ED712C99536E003AD5C2 /* FirebaseAppCheck */; };
		8419ED742C99536E003AD5C2 /* FirebaseAppDistribution-Beta in Frameworks */ = {isa = PBXBuildFile; productRef = 8419ED732C99536E003AD5C2 /* FirebaseAppDistribution-Beta */; };
		8419ED762C99536E003AD5C2 /* FirebaseAuth in Frameworks */ = {isa = PBXBuildFile; productRef = 8419ED752C99536E003AD5C2 /* FirebaseAuth */; };
		8419ED782C99536E003AD5C2 /* FirebaseAuthCombine-Community in Frameworks */ = {isa = PBXBuildFile; productRef = 8419ED772C99536E003AD5C2 /* FirebaseAuthCombine-Community */; };
		8419ED7A2C99536E003AD5C2 /* FirebaseCrashlytics in Frameworks */ = {isa = PBXBuildFile; productRef = 8419ED792C99536E003AD5C2 /* FirebaseCrashlytics */; };
		8419ED7C2C99536E003AD5C2 /* FirebaseDatabase in Frameworks */ = {isa = PBXBuildFile; productRef = 8419ED7B2C99536E003AD5C2 /* FirebaseDatabase */; };
		8419ED7E2C99536E003AD5C2 /* FirebaseDynamicLinks in Frameworks */ = {isa = PBXBuildFile; productRef = 8419ED7D2C99536E003AD5C2 /* FirebaseDynamicLinks */; };
		8419ED802C99536E003AD5C2 /* FirebaseFirestore in Frameworks */ = {isa = PBXBuildFile; productRef = 8419ED7F2C99536E003AD5C2 /* FirebaseFirestore */; };
		8419ED822C99536E003AD5C2 /* FirebaseFirestoreCombine-Community in Frameworks */ = {isa = PBXBuildFile; productRef = 8419ED812C99536E003AD5C2 /* FirebaseFirestoreCombine-Community */; };
		8419ED842C99536E003AD5C2 /* FirebaseFunctions in Frameworks */ = {isa = PBXBuildFile; productRef = 8419ED832C99536E003AD5C2 /* FirebaseFunctions */; };
		8419ED862C99536E003AD5C2 /* FirebaseFunctionsCombine-Community in Frameworks */ = {isa = PBXBuildFile; productRef = 8419ED852C99536E003AD5C2 /* FirebaseFunctionsCombine-Community */; };
		8419ED882C99536E003AD5C2 /* FirebaseInAppMessaging-Beta in Frameworks */ = {isa = PBXBuildFile; productRef = 8419ED872C99536E003AD5C2 /* FirebaseInAppMessaging-Beta */; };
		8419ED8A2C99536E003AD5C2 /* FirebaseInstallations in Frameworks */ = {isa = PBXBuildFile; productRef = 8419ED892C99536E003AD5C2 /* FirebaseInstallations */; };
		8419ED8C2C99536E003AD5C2 /* FirebaseMLModelDownloader in Frameworks */ = {isa = PBXBuildFile; productRef = 8419ED8B2C99536E003AD5C2 /* FirebaseMLModelDownloader */; };
		8419ED8E2C99536E003AD5C2 /* FirebaseMessaging in Frameworks */ = {isa = PBXBuildFile; productRef = 8419ED8D2C99536E003AD5C2 /* FirebaseMessaging */; };
		8419ED902C99536E003AD5C2 /* FirebasePerformance in Frameworks */ = {isa = PBXBuildFile; productRef = 8419ED8F2C99536E003AD5C2 /* FirebasePerformance */; };
		8419ED922C99536E003AD5C2 /* FirebaseRemoteConfig in Frameworks */ = {isa = PBXBuildFile; productRef = 8419ED912C99536E003AD5C2 /* FirebaseRemoteConfig */; };
		8419ED942C99536E003AD5C2 /* FirebaseStorage in Frameworks */ = {isa = PBXBuildFile; productRef = 8419ED932C99536E003AD5C2 /* FirebaseStorage */; };
		8419ED962C99536E003AD5C2 /* FirebaseStorageCombine-Community in Frameworks */ = {isa = PBXBuildFile; productRef = 8419ED952C99536E003AD5C2 /* FirebaseStorageCombine-Community */; };
		8419ED982C99536E003AD5C2 /* FirebaseVertexAI-Preview in Frameworks */ = {isa = PBXBuildFile; productRef = 8419ED972C99536E003AD5C2 /* FirebaseVertexAI-Preview */; };
		944E9E9B2CACBBEE0032FD34 /* NomadRoute.swift in Sources */ = {isa = PBXBuildFile; fileRef = 944E9E9A2CACBBEC0032FD34 /* NomadRoute.swift */; };
		947F53C22CA0F59F00238C4F /* MapboxNavigationCore in Frameworks */ = {isa = PBXBuildFile; productRef = 947F53C12CA0F59F00238C4F /* MapboxNavigationCore */; };
		B2154C6D2C9D01BA00A6F238 /* GoogleService-Info.plist in Resources */ = {isa = PBXBuildFile; fileRef = B2154C6C2C9D01BA00A6F238 /* GoogleService-Info.plist */; };
		B2154CD02C9E2DF400A6F238 /* CompassView.swift in Sources */ = {isa = PBXBuildFile; fileRef = B2154CCF2C9E2DF400A6F238 /* CompassView.swift */; };
		B2154CD22C9E319C00A6F238 /* RecenterMapView.swift in Sources */ = {isa = PBXBuildFile; fileRef = B2154CD12C9E319C00A6F238 /* RecenterMapView.swift */; };
		B2154CD42C9E333700A6F238 /* ChangeMapTypeView.swift in Sources */ = {isa = PBXBuildFile; fileRef = B2154CD32C9E333700A6F238 /* ChangeMapTypeView.swift */; };
		B28668172CB309250095F653 /* MapManager.swift in Sources */ = {isa = PBXBuildFile; fileRef = B28668162CB309150095F653 /* MapManager.swift */; };
		B298EB552C98F9DE0078696A /* (null) in Sources */ = {isa = PBXBuildFile; };
		B29D04012CB0B48B00524D8B /* MapMarker.swift in Sources */ = {isa = PBXBuildFile; fileRef = B29D04002CB0B48700524D8B /* MapMarker.swift */; };
		B2F8F3372C97BB3C00B9618E /* NomadApp.swift in Sources */ = {isa = PBXBuildFile; fileRef = B2F8F3362C97BB3C00B9618E /* NomadApp.swift */; };
		B2F8F33D2C97BB3E00B9618E /* Assets.xcassets in Resources */ = {isa = PBXBuildFile; fileRef = B2F8F33C2C97BB3E00B9618E /* Assets.xcassets */; };
		B2F8F3402C97BB3E00B9618E /* Preview Assets.xcassets in Resources */ = {isa = PBXBuildFile; fileRef = B2F8F33F2C97BB3E00B9618E /* Preview Assets.xcassets */; };
		B2F8F3472C97BB5500B9618E /* RootView.swift in Sources */ = {isa = PBXBuildFile; fileRef = B2F8F3462C97BB5500B9618E /* RootView.swift */; };
		B2F8F34A2C97BC7700B9618E /* RecapView.swift in Sources */ = {isa = PBXBuildFile; fileRef = B2F8F3492C97BC7700B9618E /* RecapView.swift */; };
		B2F8F34C2C97BC7F00B9618E /* MapView.swift in Sources */ = {isa = PBXBuildFile; fileRef = B2F8F34B2C97BC7F00B9618E /* MapView.swift */; };
		B2F8F34E2C97BC8A00B9618E /* AIAssistantView.swift in Sources */ = {isa = PBXBuildFile; fileRef = B2F8F34D2C97BC8A00B9618E /* AIAssistantView.swift */; };
		B2F8F3502C97BC9600B9618E /* ItineraryPlanningView.swift in Sources */ = {isa = PBXBuildFile; fileRef = B2F8F34F2C97BC9600B9618E /* ItineraryPlanningView.swift */; };
		B2F8F3532C97BCAB00B9618E /* User.swift in Sources */ = {isa = PBXBuildFile; fileRef = B2F8F3522C97BCAB00B9618E /* User.swift */; };
		B2F8F3552C97BCBB00B9618E /* Trip.swift in Sources */ = {isa = PBXBuildFile; fileRef = B2F8F3542C97BCBB00B9618E /* Trip.swift */; };
		B2F8F3572C97BCC400B9618E /* POI.swift in Sources */ = {isa = PBXBuildFile; fileRef = B2F8F3562C97BCC400B9618E /* POI.swift */; };
		B2F8F3592C97BCD400B9618E /* Restaurant.swift in Sources */ = {isa = PBXBuildFile; fileRef = B2F8F3582C97BCD400B9618E /* Restaurant.swift */; };
		B2F8F35B2C97BD2200B9618E /* RestStop.swift in Sources */ = {isa = PBXBuildFile; fileRef = B2F8F35A2C97BD2200B9618E /* RestStop.swift */; };
		B2F8F35D2C97BD3000B9618E /* GasStation.swift in Sources */ = {isa = PBXBuildFile; fileRef = B2F8F35C2C97BD3000B9618E /* GasStation.swift */; };
		B2F8F3602C97BD6200B9618E /* FirebaseViewModel.swift in Sources */ = {isa = PBXBuildFile; fileRef = B2F8F35F2C97BD6200B9618E /* FirebaseViewModel.swift */; };
		B2F8F3622C97BD8900B9618E /* AIAssistantViewModel.swift in Sources */ = {isa = PBXBuildFile; fileRef = B2F8F3612C97BD8900B9618E /* AIAssistantViewModel.swift */; };
		B2F8F3642C97BD9B00B9618E /* UserViewModel.swift in Sources */ = {isa = PBXBuildFile; fileRef = B2F8F3632C97BD9B00B9618E /* UserViewModel.swift */; };
		B2F8F3672C97BE2E00B9618E /* ChatGPTSwift in Frameworks */ = {isa = PBXBuildFile; productRef = B2F8F3662C97BE2E00B9618E /* ChatGPTSwift */; };
		B35A09032CB6181C00C8F02B /* Businesses.swift in Sources */ = {isa = PBXBuildFile; fileRef = B35A09022CB6181400C8F02B /* Businesses.swift */; };
		C49A65502C9CE53400A8B9BA /* MapSearch.swift in Sources */ = {isa = PBXBuildFile; fileRef = C49A654F2C9CE53400A8B9BA /* MapSearch.swift */; };
		C49A65522C9CE6D600A8B9BA /* LocationSearchBox.swift in Sources */ = {isa = PBXBuildFile; fileRef = C49A65512C9CE6D600A8B9BA /* LocationSearchBox.swift */; };
		E90E9AB82CAF5C1F00A7C4FA /* SpeechRecognizer.swift in Sources */ = {isa = PBXBuildFile; fileRef = E90E9AB72CAF5C1400A7C4FA /* SpeechRecognizer.swift */; };
		E90E9ABA2CAF5C7000A7C4FA /* VoiceInput.swift in Sources */ = {isa = PBXBuildFile; fileRef = E90E9AB92CAF5C6900A7C4FA /* VoiceInput.swift */; };
/* End PBXBuildFile section */

/* Begin PBXContainerItemProxy section */
		B35B62232C9A444700AB215E /* PBXContainerItemProxy */ = {
			isa = PBXContainerItemProxy;
			containerPortal = B2F8F32B2C97BB3C00B9618E /* Project object */;
			proxyType = 1;
			remoteGlobalIDString = B2F8F3322C97BB3C00B9618E;
			remoteInfo = Nomad;
		};
/* End PBXContainerItemProxy section */

/* Begin PBXFileReference section */
		391165F92CB53542004B8695 /* PreviewRouteView.swift */ = {isa = PBXFileReference; lastKnownFileType = sourcecode.swift; path = PreviewRouteView.swift; sourceTree = "<group>"; };
		48974B832C9A43880057B073 /* Activity.swift */ = {isa = PBXFileReference; lastKnownFileType = sourcecode.swift; path = Activity.swift; sourceTree = "<group>"; };
		48974B852C9A449F0057B073 /* Hotel.swift */ = {isa = PBXFileReference; lastKnownFileType = sourcecode.swift; path = Hotel.swift; sourceTree = "<group>"; };
		48974B8A2C9F72700057B073 /* TripView.swift */ = {isa = PBXFileReference; lastKnownFileType = sourcecode.swift; path = TripView.swift; sourceTree = "<group>"; };
		48974B8C2CA0A3CB0057B073 /* FindStopView.swift */ = {isa = PBXFileReference; lastKnownFileType = sourcecode.swift; path = FindStopView.swift; sourceTree = "<group>"; };
		48974B8E2CA0A6130057B073 /* GeneralLocation.swift */ = {isa = PBXFileReference; lastKnownFileType = sourcecode.swift; path = GeneralLocation.swift; sourceTree = "<group>"; };
		48974BA02CB04B420057B073 /* RoutePreviewView.swift */ = {isa = PBXFileReference; lastKnownFileType = sourcecode.swift; path = RoutePreviewView.swift; sourceTree = "<group>"; };
		48974BAE2CB30AAF0057B073 /* EnhancedRoutePlanListView.swift */ = {isa = PBXFileReference; lastKnownFileType = sourcecode.swift; path = EnhancedRoutePlanListView.swift; sourceTree = "<group>"; };
		48BBC2D12C9CE5070093D9D0 /* DetailRecapView.swift */ = {isa = PBXFileReference; lastKnownFileType = sourcecode.swift; path = DetailRecapView.swift; sourceTree = "<group>"; };
		599F66162C9CE4F90025A8F8 /* Motion.swift */ = {isa = PBXFileReference; lastKnownFileType = sourcecode.swift; path = Motion.swift; sourceTree = "<group>"; };
		66443CD62CADDB77000D3F12 /* RoutePlanListView.swift */ = {isa = PBXFileReference; lastKnownFileType = sourcecode.swift; path = RoutePlanListView.swift; sourceTree = "<group>"; };
		6646001B2CC815A10033541C /* Shopping.swift */ = {isa = PBXFileReference; lastKnownFileType = sourcecode.swift; path = Shopping.swift; sourceTree = "<group>"; };
		6B3E9F672CAF60A100C24BDB /* ExploreTripsView.swift */ = {isa = PBXFileReference; lastKnownFileType = sourcecode.swift; path = ExploreTripsView.swift; sourceTree = "<group>"; };
		944E9E9A2CACBBEC0032FD34 /* NomadRoute.swift */ = {isa = PBXFileReference; lastKnownFileType = sourcecode.swift; path = NomadRoute.swift; sourceTree = "<group>"; };
		9455F54A2C9F99F0006D03D6 /* XCTest.framework */ = {isa = PBXFileReference; lastKnownFileType = wrapper.framework; name = XCTest.framework; path = Platforms/iPhoneOS.platform/Developer/Library/Frameworks/XCTest.framework; sourceTree = DEVELOPER_DIR; };
		94F91F652C9F875F00A63F7A /* Info.plist */ = {isa = PBXFileReference; lastKnownFileType = text.plist; path = Info.plist; sourceTree = "<group>"; };
		B2154C6C2C9D01BA00A6F238 /* GoogleService-Info.plist */ = {isa = PBXFileReference; lastKnownFileType = text.plist.xml; path = "GoogleService-Info.plist"; sourceTree = "<group>"; };
		B2154CCF2C9E2DF400A6F238 /* CompassView.swift */ = {isa = PBXFileReference; lastKnownFileType = sourcecode.swift; path = CompassView.swift; sourceTree = "<group>"; };
		B2154CD12C9E319C00A6F238 /* RecenterMapView.swift */ = {isa = PBXFileReference; lastKnownFileType = sourcecode.swift; path = RecenterMapView.swift; sourceTree = "<group>"; };
		B2154CD32C9E333700A6F238 /* ChangeMapTypeView.swift */ = {isa = PBXFileReference; lastKnownFileType = sourcecode.swift; path = ChangeMapTypeView.swift; sourceTree = "<group>"; };
		B28668162CB309150095F653 /* MapManager.swift */ = {isa = PBXFileReference; lastKnownFileType = sourcecode.swift; path = MapManager.swift; sourceTree = "<group>"; };
		B29D04002CB0B48700524D8B /* MapMarker.swift */ = {isa = PBXFileReference; lastKnownFileType = sourcecode.swift; path = MapMarker.swift; sourceTree = "<group>"; };
		B2F8F3332C97BB3C00B9618E /* Nomad.app */ = {isa = PBXFileReference; explicitFileType = wrapper.application; includeInIndex = 0; path = Nomad.app; sourceTree = BUILT_PRODUCTS_DIR; };
		B2F8F3362C97BB3C00B9618E /* NomadApp.swift */ = {isa = PBXFileReference; lastKnownFileType = sourcecode.swift; path = NomadApp.swift; sourceTree = "<group>"; };
		B2F8F33C2C97BB3E00B9618E /* Assets.xcassets */ = {isa = PBXFileReference; lastKnownFileType = folder.assetcatalog; path = Assets.xcassets; sourceTree = "<group>"; };
		B2F8F33F2C97BB3E00B9618E /* Preview Assets.xcassets */ = {isa = PBXFileReference; lastKnownFileType = folder.assetcatalog; path = "Preview Assets.xcassets"; sourceTree = "<group>"; };
		B2F8F3462C97BB5500B9618E /* RootView.swift */ = {isa = PBXFileReference; lastKnownFileType = sourcecode.swift; path = RootView.swift; sourceTree = "<group>"; };
		B2F8F3492C97BC7700B9618E /* RecapView.swift */ = {isa = PBXFileReference; lastKnownFileType = sourcecode.swift; path = RecapView.swift; sourceTree = "<group>"; };
		B2F8F34B2C97BC7F00B9618E /* MapView.swift */ = {isa = PBXFileReference; lastKnownFileType = sourcecode.swift; path = MapView.swift; sourceTree = "<group>"; };
		B2F8F34D2C97BC8A00B9618E /* AIAssistantView.swift */ = {isa = PBXFileReference; lastKnownFileType = sourcecode.swift; path = AIAssistantView.swift; sourceTree = "<group>"; };
		B2F8F34F2C97BC9600B9618E /* ItineraryPlanningView.swift */ = {isa = PBXFileReference; lastKnownFileType = sourcecode.swift; path = ItineraryPlanningView.swift; sourceTree = "<group>"; };
		B2F8F3522C97BCAB00B9618E /* User.swift */ = {isa = PBXFileReference; lastKnownFileType = sourcecode.swift; path = User.swift; sourceTree = "<group>"; };
		B2F8F3542C97BCBB00B9618E /* Trip.swift */ = {isa = PBXFileReference; lastKnownFileType = sourcecode.swift; path = Trip.swift; sourceTree = "<group>"; };
		B2F8F3562C97BCC400B9618E /* POI.swift */ = {isa = PBXFileReference; lastKnownFileType = sourcecode.swift; path = POI.swift; sourceTree = "<group>"; };
		B2F8F3582C97BCD400B9618E /* Restaurant.swift */ = {isa = PBXFileReference; lastKnownFileType = sourcecode.swift; path = Restaurant.swift; sourceTree = "<group>"; };
		B2F8F35A2C97BD2200B9618E /* RestStop.swift */ = {isa = PBXFileReference; lastKnownFileType = sourcecode.swift; path = RestStop.swift; sourceTree = "<group>"; };
		B2F8F35C2C97BD3000B9618E /* GasStation.swift */ = {isa = PBXFileReference; lastKnownFileType = sourcecode.swift; path = GasStation.swift; sourceTree = "<group>"; };
		B2F8F35F2C97BD6200B9618E /* FirebaseViewModel.swift */ = {isa = PBXFileReference; lastKnownFileType = sourcecode.swift; path = FirebaseViewModel.swift; sourceTree = "<group>"; };
		B2F8F3612C97BD8900B9618E /* AIAssistantViewModel.swift */ = {isa = PBXFileReference; lastKnownFileType = sourcecode.swift; path = AIAssistantViewModel.swift; sourceTree = "<group>"; };
		B2F8F3632C97BD9B00B9618E /* UserViewModel.swift */ = {isa = PBXFileReference; lastKnownFileType = sourcecode.swift; path = UserViewModel.swift; sourceTree = "<group>"; };
		B35A09022CB6181400C8F02B /* Businesses.swift */ = {isa = PBXFileReference; lastKnownFileType = sourcecode.swift; path = Businesses.swift; sourceTree = "<group>"; };
		B35B621F2C9A444700AB215E /* AIUnitTesting.xctest */ = {isa = PBXFileReference; explicitFileType = wrapper.cfbundle; includeInIndex = 0; path = AIUnitTesting.xctest; sourceTree = BUILT_PRODUCTS_DIR; };
		C49A654F2C9CE53400A8B9BA /* MapSearch.swift */ = {isa = PBXFileReference; lastKnownFileType = sourcecode.swift; path = MapSearch.swift; sourceTree = "<group>"; };
		C49A65512C9CE6D600A8B9BA /* LocationSearchBox.swift */ = {isa = PBXFileReference; lastKnownFileType = sourcecode.swift; path = LocationSearchBox.swift; sourceTree = "<group>"; };
		E90E9AB72CAF5C1400A7C4FA /* SpeechRecognizer.swift */ = {isa = PBXFileReference; lastKnownFileType = sourcecode.swift; path = SpeechRecognizer.swift; sourceTree = "<group>"; };
		E90E9AB92CAF5C6900A7C4FA /* VoiceInput.swift */ = {isa = PBXFileReference; lastKnownFileType = sourcecode.swift; path = VoiceInput.swift; sourceTree = "<group>"; };
/* End PBXFileReference section */

/* Begin PBXFileSystemSynchronizedRootGroup section */
		84FC27152CAC741D008C8339 /* Onboarding */ = {isa = PBXFileSystemSynchronizedRootGroup; explicitFileTypes = {}; explicitFolders = (); path = Onboarding; sourceTree = "<group>"; };
		B35B62202C9A444700AB215E /* AIUnitTesting */ = {isa = PBXFileSystemSynchronizedRootGroup; explicitFileTypes = {}; explicitFolders = (); path = AIUnitTesting; sourceTree = "<group>"; };
/* End PBXFileSystemSynchronizedRootGroup section */

/* Begin PBXFrameworksBuildPhase section */
		B2F8F3302C97BB3C00B9618E /* Frameworks */ = {
			isa = PBXFrameworksBuildPhase;
			buildActionMask = 2147483647;
			files = (
				8419ED982C99536E003AD5C2 /* FirebaseVertexAI-Preview in Frameworks */,
				8419ED822C99536E003AD5C2 /* FirebaseFirestoreCombine-Community in Frameworks */,
				8419ED842C99536E003AD5C2 /* FirebaseFunctions in Frameworks */,
				8419ED902C99536E003AD5C2 /* FirebasePerformance in Frameworks */,
				8419ED962C99536E003AD5C2 /* FirebaseStorageCombine-Community in Frameworks */,
				8419ED922C99536E003AD5C2 /* FirebaseRemoteConfig in Frameworks */,
				8419ED7C2C99536E003AD5C2 /* FirebaseDatabase in Frameworks */,
				8419ED7E2C99536E003AD5C2 /* FirebaseDynamicLinks in Frameworks */,
				947F53C22CA0F59F00238C4F /* MapboxNavigationCore in Frameworks */,
				8419ED6C2C99536E003AD5C2 /* FirebaseAnalytics in Frameworks */,
				8419ED6E2C99536E003AD5C2 /* FirebaseAnalyticsOnDeviceConversion in Frameworks */,
				B2F8F3672C97BE2E00B9618E /* ChatGPTSwift in Frameworks */,
				8419ED802C99536E003AD5C2 /* FirebaseFirestore in Frameworks */,
				8419ED8E2C99536E003AD5C2 /* FirebaseMessaging in Frameworks */,
				8419ED8A2C99536E003AD5C2 /* FirebaseInstallations in Frameworks */,
				8419ED862C99536E003AD5C2 /* FirebaseFunctionsCombine-Community in Frameworks */,
				8419ED722C99536E003AD5C2 /* FirebaseAppCheck in Frameworks */,
				8419ED702C99536E003AD5C2 /* FirebaseAnalyticsWithoutAdIdSupport in Frameworks */,
				8419ED882C99536E003AD5C2 /* FirebaseInAppMessaging-Beta in Frameworks */,
				8419ED762C99536E003AD5C2 /* FirebaseAuth in Frameworks */,
				8419ED7A2C99536E003AD5C2 /* FirebaseCrashlytics in Frameworks */,
				8419ED8C2C99536E003AD5C2 /* FirebaseMLModelDownloader in Frameworks */,
				8419ED942C99536E003AD5C2 /* FirebaseStorage in Frameworks */,
				8419ED742C99536E003AD5C2 /* FirebaseAppDistribution-Beta in Frameworks */,
				8419ED782C99536E003AD5C2 /* FirebaseAuthCombine-Community in Frameworks */,
			);
			runOnlyForDeploymentPostprocessing = 0;
		};
		B35B621C2C9A444700AB215E /* Frameworks */ = {
			isa = PBXFrameworksBuildPhase;
			buildActionMask = 2147483647;
			files = (
			);
			runOnlyForDeploymentPostprocessing = 0;
		};
/* End PBXFrameworksBuildPhase section */

/* Begin PBXGroup section */
		9455F5492C9F99F0006D03D6 /* Frameworks */ = {
			isa = PBXGroup;
			children = (
				9455F54A2C9F99F0006D03D6 /* XCTest.framework */,
			);
			name = Frameworks;
			sourceTree = "<group>";
		};
		B2154CCE2C9E2DE500A6F238 /* MapButtons */ = {
			isa = PBXGroup;
			children = (
				B2154CCF2C9E2DF400A6F238 /* CompassView.swift */,
				B2154CD12C9E319C00A6F238 /* RecenterMapView.swift */,
				B2154CD32C9E333700A6F238 /* ChangeMapTypeView.swift */,
			);
			path = MapButtons;
			sourceTree = "<group>";
		};
		B2F8F32A2C97BB3C00B9618E = {
			isa = PBXGroup;
			children = (
				B2F8F3352C97BB3C00B9618E /* Nomad */,
				B35B62202C9A444700AB215E /* AIUnitTesting */,
				9455F5492C9F99F0006D03D6 /* Frameworks */,
				B2F8F3342C97BB3C00B9618E /* Products */,
			);
			sourceTree = "<group>";
		};
		B2F8F3342C97BB3C00B9618E /* Products */ = {
			isa = PBXGroup;
			children = (
				B2F8F3332C97BB3C00B9618E /* Nomad.app */,
				B35B621F2C9A444700AB215E /* AIUnitTesting.xctest */,
			);
			name = Products;
			sourceTree = "<group>";
		};
		B2F8F3352C97BB3C00B9618E /* Nomad */ = {
			isa = PBXGroup;
			children = (
				94F91F652C9F875F00A63F7A /* Info.plist */,
				B2154C6C2C9D01BA00A6F238 /* GoogleService-Info.plist */,
				B2F8F3362C97BB3C00B9618E /* NomadApp.swift */,
				B2F8F3462C97BB5500B9618E /* RootView.swift */,
				B2F8F3482C97BC6400B9618E /* Views */,
				B2F8F3512C97BC9900B9618E /* Models */,
				B2F8F35E2C97BD4B00B9618E /* ViewModels */,
				B2F8F33C2C97BB3E00B9618E /* Assets.xcassets */,
				B2F8F33E2C97BB3E00B9618E /* Preview Content */,
			);
			path = Nomad;
			sourceTree = "<group>";
		};
		B2F8F33E2C97BB3E00B9618E /* Preview Content */ = {
			isa = PBXGroup;
			children = (
				B2F8F33F2C97BB3E00B9618E /* Preview Assets.xcassets */,
			);
			path = "Preview Content";
			sourceTree = "<group>";
		};
		B2F8F3482C97BC6400B9618E /* Views */ = {
			isa = PBXGroup;
			children = (
				84FC27152CAC741D008C8339 /* Onboarding */,
				B2F8F3492C97BC7700B9618E /* RecapView.swift */,
				48BBC2D12C9CE5070093D9D0 /* DetailRecapView.swift */,
				B2F8F34B2C97BC7F00B9618E /* MapView.swift */,
				B2F8F34D2C97BC8A00B9618E /* AIAssistantView.swift */,
				B2F8F34F2C97BC9600B9618E /* ItineraryPlanningView.swift */,
				B2154CCE2C9E2DE500A6F238 /* MapButtons */,
				48974B8A2C9F72700057B073 /* TripView.swift */,
				48974B8C2CA0A3CB0057B073 /* FindStopView.swift */,
				6B3E9F672CAF60A100C24BDB /* ExploreTripsView.swift */,
				391165F92CB53542004B8695 /* PreviewRouteView.swift */,
				48974BA02CB04B420057B073 /* RoutePreviewView.swift */,
				66443CD62CADDB77000D3F12 /* RoutePlanListView.swift */,
				48974BAE2CB30AAF0057B073 /* EnhancedRoutePlanListView.swift */,
			);
			path = Views;
			sourceTree = "<group>";
		};
		B2F8F3512C97BC9900B9618E /* Models */ = {
			isa = PBXGroup;
			children = (
				B35A09022CB6181400C8F02B /* Businesses.swift */,
				E90E9AB92CAF5C6900A7C4FA /* VoiceInput.swift */,
				E90E9AB72CAF5C1400A7C4FA /* SpeechRecognizer.swift */,
				48974B852C9A449F0057B073 /* Hotel.swift */,
				48974B832C9A43880057B073 /* Activity.swift */,
				B29D04002CB0B48700524D8B /* MapMarker.swift */,
				944E9E9A2CACBBEC0032FD34 /* NomadRoute.swift */,
				B2F8F3522C97BCAB00B9618E /* User.swift */,
				B2F8F3542C97BCBB00B9618E /* Trip.swift */,
				B2F8F3562C97BCC400B9618E /* POI.swift */,
				B2F8F3582C97BCD400B9618E /* Restaurant.swift */,
				B2F8F35A2C97BD2200B9618E /* RestStop.swift */,
				B2F8F35C2C97BD3000B9618E /* GasStation.swift */,
				599F66162C9CE4F90025A8F8 /* Motion.swift */,
				48974B8E2CA0A6130057B073 /* GeneralLocation.swift */,
				6646001B2CC815A10033541C /* Shopping.swift */,
			);
			path = Models;
			sourceTree = "<group>";
		};
		B2F8F35E2C97BD4B00B9618E /* ViewModels */ = {
			isa = PBXGroup;
			children = (
				B2F8F35F2C97BD6200B9618E /* FirebaseViewModel.swift */,
				B28668162CB309150095F653 /* MapManager.swift */,
				B2F8F3612C97BD8900B9618E /* AIAssistantViewModel.swift */,
				B2F8F3632C97BD9B00B9618E /* UserViewModel.swift */,
				C49A654F2C9CE53400A8B9BA /* MapSearch.swift */,
				C49A65512C9CE6D600A8B9BA /* LocationSearchBox.swift */,
			);
			path = ViewModels;
			sourceTree = "<group>";
		};
/* End PBXGroup section */

/* Begin PBXNativeTarget section */
		B2F8F3322C97BB3C00B9618E /* Nomad */ = {
			isa = PBXNativeTarget;
			buildConfigurationList = B2F8F3432C97BB3E00B9618E /* Build configuration list for PBXNativeTarget "Nomad" */;
			buildPhases = (
				B2F8F32F2C97BB3C00B9618E /* Sources */,
				B2F8F3302C97BB3C00B9618E /* Frameworks */,
				B2F8F3312C97BB3C00B9618E /* Resources */,
			);
			buildRules = (
			);
			dependencies = (
			);
			fileSystemSynchronizedGroups = (
				84FC27152CAC741D008C8339 /* Onboarding */,
			);
			name = Nomad;
			packageProductDependencies = (
				B2F8F3662C97BE2E00B9618E /* ChatGPTSwift */,
				8419ED6B2C99536E003AD5C2 /* FirebaseAnalytics */,
				8419ED6D2C99536E003AD5C2 /* FirebaseAnalyticsOnDeviceConversion */,
				8419ED6F2C99536E003AD5C2 /* FirebaseAnalyticsWithoutAdIdSupport */,
				8419ED712C99536E003AD5C2 /* FirebaseAppCheck */,
				8419ED732C99536E003AD5C2 /* FirebaseAppDistribution-Beta */,
				8419ED752C99536E003AD5C2 /* FirebaseAuth */,
				8419ED772C99536E003AD5C2 /* FirebaseAuthCombine-Community */,
				8419ED792C99536E003AD5C2 /* FirebaseCrashlytics */,
				8419ED7B2C99536E003AD5C2 /* FirebaseDatabase */,
				8419ED7D2C99536E003AD5C2 /* FirebaseDynamicLinks */,
				8419ED7F2C99536E003AD5C2 /* FirebaseFirestore */,
				8419ED812C99536E003AD5C2 /* FirebaseFirestoreCombine-Community */,
				8419ED832C99536E003AD5C2 /* FirebaseFunctions */,
				8419ED852C99536E003AD5C2 /* FirebaseFunctionsCombine-Community */,
				8419ED872C99536E003AD5C2 /* FirebaseInAppMessaging-Beta */,
				8419ED892C99536E003AD5C2 /* FirebaseInstallations */,
				8419ED8B2C99536E003AD5C2 /* FirebaseMLModelDownloader */,
				8419ED8D2C99536E003AD5C2 /* FirebaseMessaging */,
				8419ED8F2C99536E003AD5C2 /* FirebasePerformance */,
				8419ED912C99536E003AD5C2 /* FirebaseRemoteConfig */,
				8419ED932C99536E003AD5C2 /* FirebaseStorage */,
				8419ED952C99536E003AD5C2 /* FirebaseStorageCombine-Community */,
				8419ED972C99536E003AD5C2 /* FirebaseVertexAI-Preview */,
				947F53C12CA0F59F00238C4F /* MapboxNavigationCore */,
			);
			productName = Nomad;
			productReference = B2F8F3332C97BB3C00B9618E /* Nomad.app */;
			productType = "com.apple.product-type.application";
		};
		B35B621E2C9A444700AB215E /* AIUnitTesting */ = {
			isa = PBXNativeTarget;
			buildConfigurationList = B35B62272C9A444700AB215E /* Build configuration list for PBXNativeTarget "AIUnitTesting" */;
			buildPhases = (
				B35B621B2C9A444700AB215E /* Sources */,
				B35B621C2C9A444700AB215E /* Frameworks */,
				B35B621D2C9A444700AB215E /* Resources */,
			);
			buildRules = (
			);
			dependencies = (
				B35B62242C9A444700AB215E /* PBXTargetDependency */,
			);
			fileSystemSynchronizedGroups = (
				B35B62202C9A444700AB215E /* AIUnitTesting */,
			);
			name = AIUnitTesting;
			packageProductDependencies = (
			);
			productName = AIUnitTesting;
			productReference = B35B621F2C9A444700AB215E /* AIUnitTesting.xctest */;
			productType = "com.apple.product-type.bundle.unit-test";
		};
/* End PBXNativeTarget section */

/* Begin PBXProject section */
		B2F8F32B2C97BB3C00B9618E /* Project object */ = {
			isa = PBXProject;
			attributes = {
				BuildIndependentTargetsInParallel = 1;
				LastSwiftUpdateCheck = 1600;
				LastUpgradeCheck = 1520;
				TargetAttributes = {
					B2F8F3322C97BB3C00B9618E = {
						CreatedOnToolsVersion = 15.2;
					};
					B35B621E2C9A444700AB215E = {
						CreatedOnToolsVersion = 16.0;
						TestTargetID = B2F8F3322C97BB3C00B9618E;
					};
				};
			};
			buildConfigurationList = B2F8F32E2C97BB3C00B9618E /* Build configuration list for PBXProject "Nomad" */;
			compatibilityVersion = "Xcode 14.0";
			developmentRegion = en;
			hasScannedForEncodings = 0;
			knownRegions = (
				en,
				Base,
			);
			mainGroup = B2F8F32A2C97BB3C00B9618E;
			packageReferences = (
				B2F8F3652C97BE2E00B9618E /* XCRemoteSwiftPackageReference "ChatGPTSwift" */,
				8419ED6A2C99536E003AD5C2 /* XCRemoteSwiftPackageReference "firebase-ios-sdk" */,
				947F53C02CA0F59F00238C4F /* XCRemoteSwiftPackageReference "mapbox-navigation-ios" */,
			);
			productRefGroup = B2F8F3342C97BB3C00B9618E /* Products */;
			projectDirPath = "";
			projectRoot = "";
			targets = (
				B2F8F3322C97BB3C00B9618E /* Nomad */,
				B35B621E2C9A444700AB215E /* AIUnitTesting */,
			);
		};
/* End PBXProject section */

/* Begin PBXResourcesBuildPhase section */
		B2F8F3312C97BB3C00B9618E /* Resources */ = {
			isa = PBXResourcesBuildPhase;
			buildActionMask = 2147483647;
			files = (
				B2F8F3402C97BB3E00B9618E /* Preview Assets.xcassets in Resources */,
				B2154C6D2C9D01BA00A6F238 /* GoogleService-Info.plist in Resources */,
				B2F8F33D2C97BB3E00B9618E /* Assets.xcassets in Resources */,
			);
			runOnlyForDeploymentPostprocessing = 0;
		};
		B35B621D2C9A444700AB215E /* Resources */ = {
			isa = PBXResourcesBuildPhase;
			buildActionMask = 2147483647;
			files = (
			);
			runOnlyForDeploymentPostprocessing = 0;
		};
/* End PBXResourcesBuildPhase section */

/* Begin PBXSourcesBuildPhase section */
		B2F8F32F2C97BB3C00B9618E /* Sources */ = {
			isa = PBXSourcesBuildPhase;
			buildActionMask = 2147483647;
			files = (
				599F66172C9CE4F90025A8F8 /* Motion.swift in Sources */,
				B2154CD02C9E2DF400A6F238 /* CompassView.swift in Sources */,
				B2154CD22C9E319C00A6F238 /* RecenterMapView.swift in Sources */,
				B2F8F35D2C97BD3000B9618E /* GasStation.swift in Sources */,
				B2F8F3592C97BCD400B9618E /* Restaurant.swift in Sources */,
				48974BAF2CB30AAF0057B073 /* EnhancedRoutePlanListView.swift in Sources */,
				B35A09032CB6181C00C8F02B /* Businesses.swift in Sources */,
				48974B8D2CA0A3CB0057B073 /* FindStopView.swift in Sources */,
				944E9E9B2CACBBEE0032FD34 /* NomadRoute.swift in Sources */,
				B2F8F3602C97BD6200B9618E /* FirebaseViewModel.swift in Sources */,
				6B3E9F682CAF60A100C24BDB /* ExploreTripsView.swift in Sources */,
				B2F8F3472C97BB5500B9618E /* RootView.swift in Sources */,
				B298EB552C98F9DE0078696A /* (null) in Sources */,
				B298EB552C98F9DE0078696A /* (null) in Sources */,
				E90E9ABA2CAF5C7000A7C4FA /* VoiceInput.swift in Sources */,
				B2F8F3572C97BCC400B9618E /* POI.swift in Sources */,
				C49A65502C9CE53400A8B9BA /* MapSearch.swift in Sources */,
				B2F8F3502C97BC9600B9618E /* ItineraryPlanningView.swift in Sources */,
				48974B8F2CA0A6130057B073 /* GeneralLocation.swift in Sources */,
				48974B842C9A438B0057B073 /* Activity.swift in Sources */,
				B2154CD42C9E333700A6F238 /* ChangeMapTypeView.swift in Sources */,
				B2F8F34C2C97BC7F00B9618E /* MapView.swift in Sources */,
				B2F8F34E2C97BC8A00B9618E /* AIAssistantView.swift in Sources */,
				48974BA12CB04B420057B073 /* RoutePreviewView.swift in Sources */,
				48974B8B2C9F72700057B073 /* TripView.swift in Sources */,
				B29D04012CB0B48B00524D8B /* MapMarker.swift in Sources */,
				B28668172CB309250095F653 /* MapManager.swift in Sources */,
				B2F8F3552C97BCBB00B9618E /* Trip.swift in Sources */,
				48BBC2D22C9CE5070093D9D0 /* DetailRecapView.swift in Sources */,
				C49A65522C9CE6D600A8B9BA /* LocationSearchBox.swift in Sources */,
				6646001C2CC815A10033541C /* Shopping.swift in Sources */,
				B2F8F34A2C97BC7700B9618E /* RecapView.swift in Sources */,
				B2F8F35B2C97BD2200B9618E /* RestStop.swift in Sources */,
				B2F8F3372C97BB3C00B9618E /* NomadApp.swift in Sources */,
				66443CD72CADDB77000D3F12 /* RoutePlanListView.swift in Sources */,
				B2F8F3532C97BCAB00B9618E /* User.swift in Sources */,
				48974B862C9A44A30057B073 /* Hotel.swift in Sources */,
				B2F8F3642C97BD9B00B9618E /* UserViewModel.swift in Sources */,
				391165FA2CB53542004B8695 /* PreviewRouteView.swift in Sources */,
				E90E9AB82CAF5C1F00A7C4FA /* SpeechRecognizer.swift in Sources */,
				B2F8F3622C97BD8900B9618E /* AIAssistantViewModel.swift in Sources */,
			);
			runOnlyForDeploymentPostprocessing = 0;
		};
		B35B621B2C9A444700AB215E /* Sources */ = {
			isa = PBXSourcesBuildPhase;
			buildActionMask = 2147483647;
			files = (
			);
			runOnlyForDeploymentPostprocessing = 0;
		};
/* End PBXSourcesBuildPhase section */

/* Begin PBXTargetDependency section */
		B35B62242C9A444700AB215E /* PBXTargetDependency */ = {
			isa = PBXTargetDependency;
			target = B2F8F3322C97BB3C00B9618E /* Nomad */;
			targetProxy = B35B62232C9A444700AB215E /* PBXContainerItemProxy */;
		};
/* End PBXTargetDependency section */

/* Begin XCBuildConfiguration section */
		B2F8F3412C97BB3E00B9618E /* Debug */ = {
			isa = XCBuildConfiguration;
			buildSettings = {
				ALWAYS_SEARCH_USER_PATHS = NO;
				ASSETCATALOG_COMPILER_GENERATE_SWIFT_ASSET_SYMBOL_EXTENSIONS = YES;
				CLANG_ANALYZER_NONNULL = YES;
				CLANG_ANALYZER_NUMBER_OBJECT_CONVERSION = YES_AGGRESSIVE;
				CLANG_CXX_LANGUAGE_STANDARD = "gnu++20";
				CLANG_ENABLE_MODULES = YES;
				CLANG_ENABLE_OBJC_ARC = YES;
				CLANG_ENABLE_OBJC_WEAK = YES;
				CLANG_WARN_BLOCK_CAPTURE_AUTORELEASING = YES;
				CLANG_WARN_BOOL_CONVERSION = YES;
				CLANG_WARN_COMMA = YES;
				CLANG_WARN_CONSTANT_CONVERSION = YES;
				CLANG_WARN_DEPRECATED_OBJC_IMPLEMENTATIONS = YES;
				CLANG_WARN_DIRECT_OBJC_ISA_USAGE = YES_ERROR;
				CLANG_WARN_DOCUMENTATION_COMMENTS = YES;
				CLANG_WARN_EMPTY_BODY = YES;
				CLANG_WARN_ENUM_CONVERSION = YES;
				CLANG_WARN_INFINITE_RECURSION = YES;
				CLANG_WARN_INT_CONVERSION = YES;
				CLANG_WARN_NON_LITERAL_NULL_CONVERSION = YES;
				CLANG_WARN_OBJC_IMPLICIT_RETAIN_SELF = YES;
				CLANG_WARN_OBJC_LITERAL_CONVERSION = YES;
				CLANG_WARN_OBJC_ROOT_CLASS = YES_ERROR;
				CLANG_WARN_QUOTED_INCLUDE_IN_FRAMEWORK_HEADER = YES;
				CLANG_WARN_RANGE_LOOP_ANALYSIS = YES;
				CLANG_WARN_STRICT_PROTOTYPES = YES;
				CLANG_WARN_SUSPICIOUS_MOVE = YES;
				CLANG_WARN_UNGUARDED_AVAILABILITY = YES_AGGRESSIVE;
				CLANG_WARN_UNREACHABLE_CODE = YES;
				CLANG_WARN__DUPLICATE_METHOD_MATCH = YES;
				COPY_PHASE_STRIP = NO;
				DEBUG_INFORMATION_FORMAT = dwarf;
				ENABLE_STRICT_OBJC_MSGSEND = YES;
				ENABLE_TESTABILITY = YES;
				ENABLE_USER_SCRIPT_SANDBOXING = YES;
				GCC_C_LANGUAGE_STANDARD = gnu17;
				GCC_DYNAMIC_NO_PIC = NO;
				GCC_NO_COMMON_BLOCKS = YES;
				GCC_OPTIMIZATION_LEVEL = 0;
				GCC_PREPROCESSOR_DEFINITIONS = (
					"DEBUG=1",
					"$(inherited)",
				);
				GCC_WARN_64_TO_32_BIT_CONVERSION = YES;
				GCC_WARN_ABOUT_RETURN_TYPE = YES_ERROR;
				GCC_WARN_UNDECLARED_SELECTOR = YES;
				GCC_WARN_UNINITIALIZED_AUTOS = YES_AGGRESSIVE;
				GCC_WARN_UNUSED_FUNCTION = YES;
				GCC_WARN_UNUSED_VARIABLE = YES;
				IPHONEOS_DEPLOYMENT_TARGET = 17.2;
				LOCALIZATION_PREFERS_STRING_CATALOGS = YES;
				MTL_ENABLE_DEBUG_INFO = INCLUDE_SOURCE;
				MTL_FAST_MATH = YES;
				ONLY_ACTIVE_ARCH = YES;
				SDKROOT = iphoneos;
				SWIFT_ACTIVE_COMPILATION_CONDITIONS = "DEBUG $(inherited)";
				SWIFT_OPTIMIZATION_LEVEL = "-Onone";
			};
			name = Debug;
		};
		B2F8F3422C97BB3E00B9618E /* Release */ = {
			isa = XCBuildConfiguration;
			buildSettings = {
				ALWAYS_SEARCH_USER_PATHS = NO;
				ASSETCATALOG_COMPILER_GENERATE_SWIFT_ASSET_SYMBOL_EXTENSIONS = YES;
				CLANG_ANALYZER_NONNULL = YES;
				CLANG_ANALYZER_NUMBER_OBJECT_CONVERSION = YES_AGGRESSIVE;
				CLANG_CXX_LANGUAGE_STANDARD = "gnu++20";
				CLANG_ENABLE_MODULES = YES;
				CLANG_ENABLE_OBJC_ARC = YES;
				CLANG_ENABLE_OBJC_WEAK = YES;
				CLANG_WARN_BLOCK_CAPTURE_AUTORELEASING = YES;
				CLANG_WARN_BOOL_CONVERSION = YES;
				CLANG_WARN_COMMA = YES;
				CLANG_WARN_CONSTANT_CONVERSION = YES;
				CLANG_WARN_DEPRECATED_OBJC_IMPLEMENTATIONS = YES;
				CLANG_WARN_DIRECT_OBJC_ISA_USAGE = YES_ERROR;
				CLANG_WARN_DOCUMENTATION_COMMENTS = YES;
				CLANG_WARN_EMPTY_BODY = YES;
				CLANG_WARN_ENUM_CONVERSION = YES;
				CLANG_WARN_INFINITE_RECURSION = YES;
				CLANG_WARN_INT_CONVERSION = YES;
				CLANG_WARN_NON_LITERAL_NULL_CONVERSION = YES;
				CLANG_WARN_OBJC_IMPLICIT_RETAIN_SELF = YES;
				CLANG_WARN_OBJC_LITERAL_CONVERSION = YES;
				CLANG_WARN_OBJC_ROOT_CLASS = YES_ERROR;
				CLANG_WARN_QUOTED_INCLUDE_IN_FRAMEWORK_HEADER = YES;
				CLANG_WARN_RANGE_LOOP_ANALYSIS = YES;
				CLANG_WARN_STRICT_PROTOTYPES = YES;
				CLANG_WARN_SUSPICIOUS_MOVE = YES;
				CLANG_WARN_UNGUARDED_AVAILABILITY = YES_AGGRESSIVE;
				CLANG_WARN_UNREACHABLE_CODE = YES;
				CLANG_WARN__DUPLICATE_METHOD_MATCH = YES;
				COPY_PHASE_STRIP = NO;
				DEBUG_INFORMATION_FORMAT = "dwarf-with-dsym";
				ENABLE_NS_ASSERTIONS = NO;
				ENABLE_STRICT_OBJC_MSGSEND = YES;
				ENABLE_USER_SCRIPT_SANDBOXING = YES;
				GCC_C_LANGUAGE_STANDARD = gnu17;
				GCC_NO_COMMON_BLOCKS = YES;
				GCC_WARN_64_TO_32_BIT_CONVERSION = YES;
				GCC_WARN_ABOUT_RETURN_TYPE = YES_ERROR;
				GCC_WARN_UNDECLARED_SELECTOR = YES;
				GCC_WARN_UNINITIALIZED_AUTOS = YES_AGGRESSIVE;
				GCC_WARN_UNUSED_FUNCTION = YES;
				GCC_WARN_UNUSED_VARIABLE = YES;
				IPHONEOS_DEPLOYMENT_TARGET = 17.2;
				LOCALIZATION_PREFERS_STRING_CATALOGS = YES;
				MTL_ENABLE_DEBUG_INFO = NO;
				MTL_FAST_MATH = YES;
				SDKROOT = iphoneos;
				SWIFT_COMPILATION_MODE = wholemodule;
				VALIDATE_PRODUCT = YES;
			};
			name = Release;
		};
		B2F8F3442C97BB3E00B9618E /* Debug */ = {
			isa = XCBuildConfiguration;
			buildSettings = {
				ASSETCATALOG_COMPILER_APPICON_NAME = AppIcon;
				ASSETCATALOG_COMPILER_GLOBAL_ACCENT_COLOR_NAME = AccentColor;
				CODE_SIGN_STYLE = Automatic;
				CURRENT_PROJECT_VERSION = 1;
				DEVELOPMENT_ASSET_PATHS = "\"Nomad/Preview Content\"";
				DEVELOPMENT_TEAM = 3U7XP56VTS;
				ENABLE_PREVIEWS = YES;
				GENERATE_INFOPLIST_FILE = YES;
				INFOPLIST_FILE = Nomad/Info.plist;
				INFOPLIST_KEY_NSLocationWhenInUseUsageDescription = "";
				INFOPLIST_KEY_UIApplicationSceneManifest_Generation = YES;
				INFOPLIST_KEY_UIApplicationSupportsIndirectInputEvents = YES;
				INFOPLIST_KEY_UILaunchScreen_Generation = YES;
				INFOPLIST_KEY_UISupportedInterfaceOrientations_iPad = "UIInterfaceOrientationPortrait UIInterfaceOrientationPortraitUpsideDown UIInterfaceOrientationLandscapeLeft UIInterfaceOrientationLandscapeRight";
				INFOPLIST_KEY_UISupportedInterfaceOrientations_iPhone = "UIInterfaceOrientationPortrait UIInterfaceOrientationLandscapeLeft UIInterfaceOrientationLandscapeRight";
				LD_RUNPATH_SEARCH_PATHS = (
					"$(inherited)",
					"@executable_path/Frameworks",
				);
				"LD_RUNPATH_SEARCH_PATHS[arch=*]" = "@loader_path/Frameworks";
				MARKETING_VERSION = 1.0;
				PRODUCT_BUNDLE_IDENTIFIER = com.nicholascandello.Nomad;
				PRODUCT_NAME = "$(TARGET_NAME)";
				SWIFT_EMIT_LOC_STRINGS = YES;
				SWIFT_VERSION = 5.0;
				TARGETED_DEVICE_FAMILY = "1,2";
			};
			name = Debug;
		};
		B2F8F3452C97BB3E00B9618E /* Release */ = {
			isa = XCBuildConfiguration;
			buildSettings = {
				ASSETCATALOG_COMPILER_APPICON_NAME = AppIcon;
				ASSETCATALOG_COMPILER_GLOBAL_ACCENT_COLOR_NAME = AccentColor;
				CODE_SIGN_STYLE = Automatic;
				CURRENT_PROJECT_VERSION = 1;
				DEVELOPMENT_ASSET_PATHS = "\"Nomad/Preview Content\"";
				DEVELOPMENT_TEAM = 3U7XP56VTS;
				ENABLE_PREVIEWS = YES;
				GENERATE_INFOPLIST_FILE = YES;
				INFOPLIST_FILE = Nomad/Info.plist;
				INFOPLIST_KEY_NSLocationWhenInUseUsageDescription = "";
				INFOPLIST_KEY_UIApplicationSceneManifest_Generation = YES;
				INFOPLIST_KEY_UIApplicationSupportsIndirectInputEvents = YES;
				INFOPLIST_KEY_UILaunchScreen_Generation = YES;
				INFOPLIST_KEY_UISupportedInterfaceOrientations_iPad = "UIInterfaceOrientationPortrait UIInterfaceOrientationPortraitUpsideDown UIInterfaceOrientationLandscapeLeft UIInterfaceOrientationLandscapeRight";
				INFOPLIST_KEY_UISupportedInterfaceOrientations_iPhone = "UIInterfaceOrientationPortrait UIInterfaceOrientationLandscapeLeft UIInterfaceOrientationLandscapeRight";
				LD_RUNPATH_SEARCH_PATHS = (
					"$(inherited)",
					"@executable_path/Frameworks",
				);
				MARKETING_VERSION = 1.0;
				PRODUCT_BUNDLE_IDENTIFIER = com.nicholascandello.Nomad;
				PRODUCT_NAME = "$(TARGET_NAME)";
				SWIFT_EMIT_LOC_STRINGS = YES;
				SWIFT_VERSION = 5.0;
				TARGETED_DEVICE_FAMILY = "1,2";
			};
			name = Release;
		};
		B35B62252C9A444700AB215E /* Debug */ = {
			isa = XCBuildConfiguration;
			buildSettings = {
				BUNDLE_LOADER = "$(TEST_HOST)";
				CODE_SIGN_STYLE = Automatic;
				CURRENT_PROJECT_VERSION = 1;
				GENERATE_INFOPLIST_FILE = YES;
				IPHONEOS_DEPLOYMENT_TARGET = 18.0;
				MARKETING_VERSION = 1.0;
				PRODUCT_BUNDLE_IDENTIFIER = iOSClub.AIUnitTesting;
				PRODUCT_NAME = "$(TARGET_NAME)";
				SWIFT_EMIT_LOC_STRINGS = NO;
				SWIFT_VERSION = 5.0;
				TARGETED_DEVICE_FAMILY = "1,2";
				TEST_HOST = "$(BUILT_PRODUCTS_DIR)/Nomad.app/$(BUNDLE_EXECUTABLE_FOLDER_PATH)/Nomad";
			};
			name = Debug;
		};
		B35B62262C9A444700AB215E /* Release */ = {
			isa = XCBuildConfiguration;
			buildSettings = {
				BUNDLE_LOADER = "$(TEST_HOST)";
				CODE_SIGN_STYLE = Automatic;
				CURRENT_PROJECT_VERSION = 1;
				GENERATE_INFOPLIST_FILE = YES;
				IPHONEOS_DEPLOYMENT_TARGET = 18.0;
				MARKETING_VERSION = 1.0;
				PRODUCT_BUNDLE_IDENTIFIER = iOSClub.AIUnitTesting;
				PRODUCT_NAME = "$(TARGET_NAME)";
				SWIFT_EMIT_LOC_STRINGS = NO;
				SWIFT_VERSION = 5.0;
				TARGETED_DEVICE_FAMILY = "1,2";
				TEST_HOST = "$(BUILT_PRODUCTS_DIR)/Nomad.app/$(BUNDLE_EXECUTABLE_FOLDER_PATH)/Nomad";
			};
			name = Release;
		};
/* End XCBuildConfiguration section */

/* Begin XCConfigurationList section */
		B2F8F32E2C97BB3C00B9618E /* Build configuration list for PBXProject "Nomad" */ = {
			isa = XCConfigurationList;
			buildConfigurations = (
				B2F8F3412C97BB3E00B9618E /* Debug */,
				B2F8F3422C97BB3E00B9618E /* Release */,
			);
			defaultConfigurationIsVisible = 0;
			defaultConfigurationName = Release;
		};
		B2F8F3432C97BB3E00B9618E /* Build configuration list for PBXNativeTarget "Nomad" */ = {
			isa = XCConfigurationList;
			buildConfigurations = (
				B2F8F3442C97BB3E00B9618E /* Debug */,
				B2F8F3452C97BB3E00B9618E /* Release */,
			);
			defaultConfigurationIsVisible = 0;
			defaultConfigurationName = Release;
		};
		B35B62272C9A444700AB215E /* Build configuration list for PBXNativeTarget "AIUnitTesting" */ = {
			isa = XCConfigurationList;
			buildConfigurations = (
				B35B62252C9A444700AB215E /* Debug */,
				B35B62262C9A444700AB215E /* Release */,
			);
			defaultConfigurationIsVisible = 0;
			defaultConfigurationName = Release;
		};
/* End XCConfigurationList section */

/* Begin XCRemoteSwiftPackageReference section */
		8419ED6A2C99536E003AD5C2 /* XCRemoteSwiftPackageReference "firebase-ios-sdk" */ = {
			isa = XCRemoteSwiftPackageReference;
			repositoryURL = "https://github.com/firebase/firebase-ios-sdk";
			requirement = {
				kind = upToNextMajorVersion;
				minimumVersion = 11.2.0;
			};
		};
		947F53C02CA0F59F00238C4F /* XCRemoteSwiftPackageReference "mapbox-navigation-ios" */ = {
			isa = XCRemoteSwiftPackageReference;
			repositoryURL = "https://github.com/mapbox/mapbox-navigation-ios";
			requirement = {
				kind = upToNextMajorVersion;
				minimumVersion = 3.3.1;
			};
		};
		B2F8F3652C97BE2E00B9618E /* XCRemoteSwiftPackageReference "ChatGPTSwift" */ = {
			isa = XCRemoteSwiftPackageReference;
			repositoryURL = "https://github.com/alfianlosari/ChatGPTSwift.git";
			requirement = {
				kind = upToNextMajorVersion;
				minimumVersion = 2.3.3;
			};
		};
/* End XCRemoteSwiftPackageReference section */

/* Begin XCSwiftPackageProductDependency section */
		8419ED6B2C99536E003AD5C2 /* FirebaseAnalytics */ = {
			isa = XCSwiftPackageProductDependency;
			package = 8419ED6A2C99536E003AD5C2 /* XCRemoteSwiftPackageReference "firebase-ios-sdk" */;
			productName = FirebaseAnalytics;
		};
		8419ED6D2C99536E003AD5C2 /* FirebaseAnalyticsOnDeviceConversion */ = {
			isa = XCSwiftPackageProductDependency;
			package = 8419ED6A2C99536E003AD5C2 /* XCRemoteSwiftPackageReference "firebase-ios-sdk" */;
			productName = FirebaseAnalyticsOnDeviceConversion;
		};
		8419ED6F2C99536E003AD5C2 /* FirebaseAnalyticsWithoutAdIdSupport */ = {
			isa = XCSwiftPackageProductDependency;
			package = 8419ED6A2C99536E003AD5C2 /* XCRemoteSwiftPackageReference "firebase-ios-sdk" */;
			productName = FirebaseAnalyticsWithoutAdIdSupport;
		};
		8419ED712C99536E003AD5C2 /* FirebaseAppCheck */ = {
			isa = XCSwiftPackageProductDependency;
			package = 8419ED6A2C99536E003AD5C2 /* XCRemoteSwiftPackageReference "firebase-ios-sdk" */;
			productName = FirebaseAppCheck;
		};
		8419ED732C99536E003AD5C2 /* FirebaseAppDistribution-Beta */ = {
			isa = XCSwiftPackageProductDependency;
			package = 8419ED6A2C99536E003AD5C2 /* XCRemoteSwiftPackageReference "firebase-ios-sdk" */;
			productName = "FirebaseAppDistribution-Beta";
		};
		8419ED752C99536E003AD5C2 /* FirebaseAuth */ = {
			isa = XCSwiftPackageProductDependency;
			package = 8419ED6A2C99536E003AD5C2 /* XCRemoteSwiftPackageReference "firebase-ios-sdk" */;
			productName = FirebaseAuth;
		};
		8419ED772C99536E003AD5C2 /* FirebaseAuthCombine-Community */ = {
			isa = XCSwiftPackageProductDependency;
			package = 8419ED6A2C99536E003AD5C2 /* XCRemoteSwiftPackageReference "firebase-ios-sdk" */;
			productName = "FirebaseAuthCombine-Community";
		};
		8419ED792C99536E003AD5C2 /* FirebaseCrashlytics */ = {
			isa = XCSwiftPackageProductDependency;
			package = 8419ED6A2C99536E003AD5C2 /* XCRemoteSwiftPackageReference "firebase-ios-sdk" */;
			productName = FirebaseCrashlytics;
		};
		8419ED7B2C99536E003AD5C2 /* FirebaseDatabase */ = {
			isa = XCSwiftPackageProductDependency;
			package = 8419ED6A2C99536E003AD5C2 /* XCRemoteSwiftPackageReference "firebase-ios-sdk" */;
			productName = FirebaseDatabase;
		};
		8419ED7D2C99536E003AD5C2 /* FirebaseDynamicLinks */ = {
			isa = XCSwiftPackageProductDependency;
			package = 8419ED6A2C99536E003AD5C2 /* XCRemoteSwiftPackageReference "firebase-ios-sdk" */;
			productName = FirebaseDynamicLinks;
		};
		8419ED7F2C99536E003AD5C2 /* FirebaseFirestore */ = {
			isa = XCSwiftPackageProductDependency;
			package = 8419ED6A2C99536E003AD5C2 /* XCRemoteSwiftPackageReference "firebase-ios-sdk" */;
			productName = FirebaseFirestore;
		};
		8419ED812C99536E003AD5C2 /* FirebaseFirestoreCombine-Community */ = {
			isa = XCSwiftPackageProductDependency;
			package = 8419ED6A2C99536E003AD5C2 /* XCRemoteSwiftPackageReference "firebase-ios-sdk" */;
			productName = "FirebaseFirestoreCombine-Community";
		};
		8419ED832C99536E003AD5C2 /* FirebaseFunctions */ = {
			isa = XCSwiftPackageProductDependency;
			package = 8419ED6A2C99536E003AD5C2 /* XCRemoteSwiftPackageReference "firebase-ios-sdk" */;
			productName = FirebaseFunctions;
		};
		8419ED852C99536E003AD5C2 /* FirebaseFunctionsCombine-Community */ = {
			isa = XCSwiftPackageProductDependency;
			package = 8419ED6A2C99536E003AD5C2 /* XCRemoteSwiftPackageReference "firebase-ios-sdk" */;
			productName = "FirebaseFunctionsCombine-Community";
		};
		8419ED872C99536E003AD5C2 /* FirebaseInAppMessaging-Beta */ = {
			isa = XCSwiftPackageProductDependency;
			package = 8419ED6A2C99536E003AD5C2 /* XCRemoteSwiftPackageReference "firebase-ios-sdk" */;
			productName = "FirebaseInAppMessaging-Beta";
		};
		8419ED892C99536E003AD5C2 /* FirebaseInstallations */ = {
			isa = XCSwiftPackageProductDependency;
			package = 8419ED6A2C99536E003AD5C2 /* XCRemoteSwiftPackageReference "firebase-ios-sdk" */;
			productName = FirebaseInstallations;
		};
		8419ED8B2C99536E003AD5C2 /* FirebaseMLModelDownloader */ = {
			isa = XCSwiftPackageProductDependency;
			package = 8419ED6A2C99536E003AD5C2 /* XCRemoteSwiftPackageReference "firebase-ios-sdk" */;
			productName = FirebaseMLModelDownloader;
		};
		8419ED8D2C99536E003AD5C2 /* FirebaseMessaging */ = {
			isa = XCSwiftPackageProductDependency;
			package = 8419ED6A2C99536E003AD5C2 /* XCRemoteSwiftPackageReference "firebase-ios-sdk" */;
			productName = FirebaseMessaging;
		};
		8419ED8F2C99536E003AD5C2 /* FirebasePerformance */ = {
			isa = XCSwiftPackageProductDependency;
			package = 8419ED6A2C99536E003AD5C2 /* XCRemoteSwiftPackageReference "firebase-ios-sdk" */;
			productName = FirebasePerformance;
		};
		8419ED912C99536E003AD5C2 /* FirebaseRemoteConfig */ = {
			isa = XCSwiftPackageProductDependency;
			package = 8419ED6A2C99536E003AD5C2 /* XCRemoteSwiftPackageReference "firebase-ios-sdk" */;
			productName = FirebaseRemoteConfig;
		};
		8419ED932C99536E003AD5C2 /* FirebaseStorage */ = {
			isa = XCSwiftPackageProductDependency;
			package = 8419ED6A2C99536E003AD5C2 /* XCRemoteSwiftPackageReference "firebase-ios-sdk" */;
			productName = FirebaseStorage;
		};
		8419ED952C99536E003AD5C2 /* FirebaseStorageCombine-Community */ = {
			isa = XCSwiftPackageProductDependency;
			package = 8419ED6A2C99536E003AD5C2 /* XCRemoteSwiftPackageReference "firebase-ios-sdk" */;
			productName = "FirebaseStorageCombine-Community";
		};
		8419ED972C99536E003AD5C2 /* FirebaseVertexAI-Preview */ = {
			isa = XCSwiftPackageProductDependency;
			package = 8419ED6A2C99536E003AD5C2 /* XCRemoteSwiftPackageReference "firebase-ios-sdk" */;
			productName = "FirebaseVertexAI-Preview";
		};
		947F53C12CA0F59F00238C4F /* MapboxNavigationCore */ = {
			isa = XCSwiftPackageProductDependency;
			package = 947F53C02CA0F59F00238C4F /* XCRemoteSwiftPackageReference "mapbox-navigation-ios" */;
			productName = MapboxNavigationCore;
		};
		B2F8F3662C97BE2E00B9618E /* ChatGPTSwift */ = {
			isa = XCSwiftPackageProductDependency;
			package = B2F8F3652C97BE2E00B9618E /* XCRemoteSwiftPackageReference "ChatGPTSwift" */;
			productName = ChatGPTSwift;
		};
/* End XCSwiftPackageProductDependency section */
	};
	rootObject = B2F8F32B2C97BB3C00B9618E /* Project object */;
}
